{
  "name": "purescript-chameleon-transformers",
  "lockfileVersion": 3,
  "requires": true,
  "packages": {
    "": {
      "dependencies": {
        "purs-to-md": "^0.3.0"
      }
    },
    "node_modules/purs-to-md": {
      "version": "0.3.0",
      "resolved": "https://registry.npmjs.org/purs-to-md/-/purs-to-md-0.3.0.tgz",
      "integrity": "sha512-+2+qyCGTqbgYNWEG1C4LzuhYjg9ipct+HcYBRqO8i+YdnrbdzDYpZxM4YRRP2OV4Zdt3MSKFd31lwr2jTkAKIA==",
      "bin": {
        "purs-to-md": "bin/purs-to-md.js"
      }
    }
  }
}
